{
  "name": "com-famoco-printer-plugin",
  "version": "1.0.0",
  "lockfileVersion": 2,
  "requires": true,
  "packages": {
    "": {
      "name": "com-famoco-printer-plugin",
      "version": "1.0.0",
      "license": "ISC",
      "dependencies": {
        "com-famoco-printer-plugin": "file:"
      }
    },
    "node_modules/com-famoco-printer-plugin": {
      "resolved": "",
      "link": true
    }
  },
  "dependencies": {
    "com-famoco-printer-plugin": {
      "version": "file:",
      "requires": {
        "com-famoco-printer-plugin": "file:"
      }
    }
  }
}
